// !$*UTF8*$!
{
	archiveVersion = 1;
	classes = {
	};
	objectVersion = 50;
	objects = {

/* Begin PBXBuildFile section */
		63950E03264ED561008FF385 /* Currency.swift in Sources */ = {isa = PBXBuildFile; fileRef = 63950E02264ED561008FF385 /* Currency.swift */; };
		63950E07264EDC6F008FF385 /* ListTableViewCell.swift in Sources */ = {isa = PBXBuildFile; fileRef = 63950E06264EDC6F008FF385 /* ListTableViewCell.swift */; };
		63CE5550264593170053427B /* InfoController.swift in Sources */ = {isa = PBXBuildFile; fileRef = 63CE554F264593170053427B /* InfoController.swift */; };
		63CE55532645936A0053427B /* ListTableViewController.swift in Sources */ = {isa = PBXBuildFile; fileRef = 63CE55522645936A0053427B /* ListTableViewController.swift */; };
		63DC206926308518007FCBEF /* AppDelegate.swift in Sources */ = {isa = PBXBuildFile; fileRef = 63DC206826308518007FCBEF /* AppDelegate.swift */; };
		63DC206B26308518007FCBEF /* SceneDelegate.swift in Sources */ = {isa = PBXBuildFile; fileRef = 63DC206A26308518007FCBEF /* SceneDelegate.swift */; };
		63DC206D26308518007FCBEF /* HomeController.swift in Sources */ = {isa = PBXBuildFile; fileRef = 63DC206C26308518007FCBEF /* HomeController.swift */; };
		63DC207026308518007FCBEF /* Main.storyboard in Resources */ = {isa = PBXBuildFile; fileRef = 63DC206E26308518007FCBEF /* Main.storyboard */; };
		63DC207226308519007FCBEF /* Assets.xcassets in Resources */ = {isa = PBXBuildFile; fileRef = 63DC207126308519007FCBEF /* Assets.xcassets */; };
		63DC207526308519007FCBEF /* LaunchScreen.storyboard in Resources */ = {isa = PBXBuildFile; fileRef = 63DC207326308519007FCBEF /* LaunchScreen.storyboard */; };
/* End PBXBuildFile section */

/* Begin PBXFileReference section */
		63950E02264ED561008FF385 /* Currency.swift */ = {isa = PBXFileReference; lastKnownFileType = sourcecode.swift; path = Currency.swift; sourceTree = "<group>"; };
		63950E06264EDC6F008FF385 /* ListTableViewCell.swift */ = {isa = PBXFileReference; lastKnownFileType = sourcecode.swift; path = ListTableViewCell.swift; sourceTree = "<group>"; };
		63CE554F264593170053427B /* InfoController.swift */ = {isa = PBXFileReference; lastKnownFileType = sourcecode.swift; path = InfoController.swift; sourceTree = "<group>"; };
		63CE55522645936A0053427B /* ListTableViewController.swift */ = {isa = PBXFileReference; lastKnownFileType = sourcecode.swift; path = ListTableViewController.swift; sourceTree = "<group>"; };
		63DC206526308518007FCBEF /* HRKConverter.app */ = {isa = PBXFileReference; explicitFileType = wrapper.application; includeInIndex = 0; path = HRKConverter.app; sourceTree = BUILT_PRODUCTS_DIR; };
		63DC206826308518007FCBEF /* AppDelegate.swift */ = {isa = PBXFileReference; lastKnownFileType = sourcecode.swift; path = AppDelegate.swift; sourceTree = "<group>"; };
		63DC206A26308518007FCBEF /* SceneDelegate.swift */ = {isa = PBXFileReference; lastKnownFileType = sourcecode.swift; path = SceneDelegate.swift; sourceTree = "<group>"; };
		63DC206C26308518007FCBEF /* HomeController.swift */ = {isa = PBXFileReference; lastKnownFileType = sourcecode.swift; path = HomeController.swift; sourceTree = "<group>"; };
		63DC206F26308518007FCBEF /* Base */ = {isa = PBXFileReference; lastKnownFileType = file.storyboard; name = Base; path = Base.lproj/Main.storyboard; sourceTree = "<group>"; };
		63DC207126308519007FCBEF /* Assets.xcassets */ = {isa = PBXFileReference; lastKnownFileType = folder.assetcatalog; path = Assets.xcassets; sourceTree = "<group>"; };
		63DC207426308519007FCBEF /* Base */ = {isa = PBXFileReference; lastKnownFileType = file.storyboard; name = Base; path = Base.lproj/LaunchScreen.storyboard; sourceTree = "<group>"; };
		63DC207626308519007FCBEF /* Info.plist */ = {isa = PBXFileReference; lastKnownFileType = text.plist.xml; path = Info.plist; sourceTree = "<group>"; };
/* End PBXFileReference section */

/* Begin PBXFrameworksBuildPhase section */
		63DC206226308518007FCBEF /* Frameworks */ = {
			isa = PBXFrameworksBuildPhase;
			buildActionMask = 2147483647;
			files = (
			);
			runOnlyForDeploymentPostprocessing = 0;
		};
/* End PBXFrameworksBuildPhase section */

/* Begin PBXGroup section */
		63CE5549264592A70053427B /* Controller */ = {
			isa = PBXGroup;
			children = (
				63DC206C26308518007FCBEF /* HomeController.swift */,
				63CE554F264593170053427B /* InfoController.swift */,
				63CE55522645936A0053427B /* ListTableViewController.swift */,
				63950E06264EDC6F008FF385 /* ListTableViewCell.swift */,
			);
			path = Controller;
			sourceTree = "<group>";
		};
		63DC205C26308518007FCBEF = {
			isa = PBXGroup;
			children = (
				63DC206726308518007FCBEF /* HRKConverter */,
				63DC206626308518007FCBEF /* Products */,
			);
			sourceTree = "<group>";
		};
		63DC206626308518007FCBEF /* Products */ = {
			isa = PBXGroup;
			children = (
				63DC206526308518007FCBEF /* HRKConverter.app */,
			);
			name = Products;
			sourceTree = "<group>";
		};
		63DC206726308518007FCBEF /* HRKConverter */ = {
			isa = PBXGroup;
			children = (
				63CE5549264592A70053427B /* Controller */,
				63950E02264ED561008FF385 /* Currency.swift */,
				63DC206826308518007FCBEF /* AppDelegate.swift */,
				63DC206A26308518007FCBEF /* SceneDelegate.swift */,
				63DC206E26308518007FCBEF /* Main.storyboard */,
				63DC207126308519007FCBEF /* Assets.xcassets */,
				63DC207326308519007FCBEF /* LaunchScreen.storyboard */,
				63DC207626308519007FCBEF /* Info.plist */,
			);
			path = HRKConverter;
			sourceTree = "<group>";
		};
/* End PBXGroup section */

/* Begin PBXNativeTarget section */
		63DC206426308518007FCBEF /* HRKConverter */ = {
			isa = PBXNativeTarget;
			buildConfigurationList = 63DC207926308519007FCBEF /* Build configuration list for PBXNativeTarget "HRKConverter" */;
			buildPhases = (
				63DC206126308518007FCBEF /* Sources */,
				63DC206226308518007FCBEF /* Frameworks */,
				63DC206326308518007FCBEF /* Resources */,
			);
			buildRules = (
			);
			dependencies = (
			);
			name = HRKConverter;
			productName = HRKConverter;
			productReference = 63DC206526308518007FCBEF /* HRKConverter.app */;
			productType = "com.apple.product-type.application";
		};
/* End PBXNativeTarget section */

/* Begin PBXProject section */
		63DC205D26308518007FCBEF /* Project object */ = {
			isa = PBXProject;
			attributes = {
				LastSwiftUpdateCheck = 1240;
				LastUpgradeCheck = 1240;
				TargetAttributes = {
					63DC206426308518007FCBEF = {
						CreatedOnToolsVersion = 12.4;
					};
				};
			};
			buildConfigurationList = 63DC206026308518007FCBEF /* Build configuration list for PBXProject "HRKConverter" */;
			compatibilityVersion = "Xcode 9.3";
			developmentRegion = en;
			hasScannedForEncodings = 0;
			knownRegions = (
				en,
				Base,
			);
			mainGroup = 63DC205C26308518007FCBEF;
			productRefGroup = 63DC206626308518007FCBEF /* Products */;
			projectDirPath = "";
			projectRoot = "";
			targets = (
				63DC206426308518007FCBEF /* HRKConverter */,
			);
		};
/* End PBXProject section */

/* Begin PBXResourcesBuildPhase section */
		63DC206326308518007FCBEF /* Resources */ = {
			isa = PBXResourcesBuildPhase;
			buildActionMask = 2147483647;
			files = (
				63DC207526308519007FCBEF /* LaunchScreen.storyboard in Resources */,
				63DC207226308519007FCBEF /* Assets.xcassets in Resources */,
				63DC207026308518007FCBEF /* Main.storyboard in Resources */,
			);
			runOnlyForDeploymentPostprocessing = 0;
		};
/* End PBXResourcesBuildPhase section */

/* Begin PBXSourcesBuildPhase section */
		63DC206126308518007FCBEF /* Sources */ = {
			isa = PBXSourcesBuildPhase;
			buildActionMask = 2147483647;
			files = (
				63950E07264EDC6F008FF385 /* ListTableViewCell.swift in Sources */,
				63950E03264ED561008FF385 /* Currency.swift in Sources */,
				63DC206D26308518007FCBEF /* HomeController.swift in Sources */,
				63DC206926308518007FCBEF /* AppDelegate.swift in Sources */,
				63DC206B26308518007FCBEF /* SceneDelegate.swift in Sources */,
				63CE55532645936A0053427B /* ListTableViewController.swift in Sources */,
				63CE5550264593170053427B /* InfoController.swift in Sources */,
			);
			runOnlyForDeploymentPostprocessing = 0;
		};
/* End PBXSourcesBuildPhase section */

/* Begin PBXVariantGroup section */
		63DC206E26308518007FCBEF /* Main.storyboard */ = {
			isa = PBXVariantGroup;
			children = (
				63DC206F26308518007FCBEF /* Base */,
			);
			name = Main.storyboard;
			sourceTree = "<group>";
		};
		63DC207326308519007FCBEF /* LaunchScreen.storyboard */ = {
			isa = PBXVariantGroup;
			children = (
				63DC207426308519007FCBEF /* Base */,
			);
			name = LaunchScreen.storyboard;
			sourceTree = "<group>";
		};
/* End PBXVariantGroup section */

/* Begin XCBuildConfiguration section */
		63DC207726308519007FCBEF /* Debug */ = {
			isa = XCBuildConfiguration;
			buildSettings = {
				ALWAYS_SEARCH_USER_PATHS = NO;
				CLANG_ANALYZER_NONNULL = YES;
				CLANG_ANALYZER_NUMBER_OBJECT_CONVERSION = YES_AGGRESSIVE;
				CLANG_CXX_LANGUAGE_STANDARD = "gnu++14";
				CLANG_CXX_LIBRARY = "libc++";
				CLANG_ENABLE_MODULES = YES;
				CLANG_ENABLE_OBJC_ARC = YES;
				CLANG_ENABLE_OBJC_WEAK = YES;
				CLANG_WARN_BLOCK_CAPTURE_AUTORELEASING = YES;
				CLANG_WARN_BOOL_CONVERSION = YES;
				CLANG_WARN_COMMA = YES;
				CLANG_WARN_CONSTANT_CONVERSION = YES;
				CLANG_WARN_DEPRECATED_OBJC_IMPLEMENTATIONS = YES;
				CLANG_WARN_DIRECT_OBJC_ISA_USAGE = YES_ERROR;
				CLANG_WARN_DOCUMENTATION_COMMENTS = YES;
				CLANG_WARN_EMPTY_BODY = YES;
				CLANG_WARN_ENUM_CONVERSION = YES;
				CLANG_WARN_INFINITE_RECURSION = YES;
				CLANG_WARN_INT_CONVERSION = YES;
				CLANG_WARN_NON_LITERAL_NULL_CONVERSION = YES;
				CLANG_WARN_OBJC_IMPLICIT_RETAIN_SELF = YES;
				CLANG_WARN_OBJC_LITERAL_CONVERSION = YES;
				CLANG_WARN_OBJC_ROOT_CLASS = YES_ERROR;
				CLANG_WARN_QUOTED_INCLUDE_IN_FRAMEWORK_HEADER = YES;
				CLANG_WARN_RANGE_LOOP_ANALYSIS = YES;
				CLANG_WARN_STRICT_PROTOTYPES = YES;
				CLANG_WARN_SUSPICIOUS_MOVE = YES;
				CLANG_WARN_UNGUARDED_AVAILABILITY = YES_AGGRESSIVE;
				CLANG_WARN_UNREACHABLE_CODE = YES;
				CLANG_WARN__DUPLICATE_METHOD_MATCH = YES;
				COPY_PHASE_STRIP = NO;
				DEBUG_INFORMATION_FORMAT = dwarf;
				ENABLE_STRICT_OBJC_MSGSEND = YES;
				ENABLE_TESTABILITY = YES;
				GCC_C_LANGUAGE_STANDARD = gnu11;
				GCC_DYNAMIC_NO_PIC = NO;
				GCC_NO_COMMON_BLOCKS = YES;
				GCC_OPTIMIZATION_LEVEL = 0;
				GCC_PREPROCESSOR_DEFINITIONS = (
					"DEBUG=1",
					"$(inherited)",
				);
				GCC_WARN_64_TO_32_BIT_CONVERSION = YES;
				GCC_WARN_ABOUT_RETURN_TYPE = YES_ERROR;
				GCC_WARN_UNDECLARED_SELECTOR = YES;
				GCC_WARN_UNINITIALIZED_AUTOS = YES_AGGRESSIVE;
				GCC_WARN_UNUSED_FUNCTION = YES;
				GCC_WARN_UNUSED_VARIABLE = YES;
				IPHONEOS_DEPLOYMENT_TARGET = 14.4;
				MTL_ENABLE_DEBUG_INFO = INCLUDE_SOURCE;
				MTL_FAST_MATH = YES;
				ONLY_ACTIVE_ARCH = YES;
				SDKROOT = iphoneos;
				SWIFT_ACTIVE_COMPILATION_CONDITIONS = DEBUG;
				SWIFT_OPTIMIZATION_LEVEL = "-Onone";
			};
			name = Debug;
		};
		63DC207826308519007FCBEF /* Release */ = {
			isa = XCBuildConfiguration;
			buildSettings = {
				ALWAYS_SEARCH_USER_PATHS = NO;
				CLANG_ANALYZER_NONNULL = YES;
				CLANG_ANALYZER_NUMBER_OBJECT_CONVERSION = YES_AGGRESSIVE;
				CLANG_CXX_LANGUAGE_STANDARD = "gnu++14";
				CLANG_CXX_LIBRARY = "libc++";
				CLANG_ENABLE_MODULES = YES;
				CLANG_ENABLE_OBJC_ARC = YES;
				CLANG_ENABLE_OBJC_WEAK = YES;
				CLANG_WARN_BLOCK_CAPTURE_AUTORELEASING = YES;
				CLANG_WARN_BOOL_CONVERSION = YES;
				CLANG_WARN_COMMA = YES;
				CLANG_WARN_CONSTANT_CONVERSION = YES;
				CLANG_WARN_DEPRECATED_OBJC_IMPLEMENTATIONS = YES;
				CLANG_WARN_DIRECT_OBJC_ISA_USAGE = YES_ERROR;
				CLANG_WARN_DOCUMENTATION_COMMENTS = YES;
				CLANG_WARN_EMPTY_BODY = YES;
				CLANG_WARN_ENUM_CONVERSION = YES;
				CLANG_WARN_INFINITE_RECURSION = YES;
				CLANG_WARN_INT_CONVERSION = YES;
				CLANG_WARN_NON_LITERAL_NULL_CONVERSION = YES;
				CLANG_WARN_OBJC_IMPLICIT_RETAIN_SELF = YES;
				CLANG_WARN_OBJC_LITERAL_CONVERSION = YES;
				CLANG_WARN_OBJC_ROOT_CLASS = YES_ERROR;
				CLANG_WARN_QUOTED_INCLUDE_IN_FRAMEWORK_HEADER = YES;
				CLANG_WARN_RANGE_LOOP_ANALYSIS = YES;
				CLANG_WARN_STRICT_PROTOTYPES = YES;
				CLANG_WARN_SUSPICIOUS_MOVE = YES;
				CLANG_WARN_UNGUARDED_AVAILABILITY = YES_AGGRESSIVE;
				CLANG_WARN_UNREACHABLE_CODE = YES;
				CLANG_WARN__DUPLICATE_METHOD_MATCH = YES;
				COPY_PHASE_STRIP = NO;
				DEBUG_INFORMATION_FORMAT = "dwarf-with-dsym";
				ENABLE_NS_ASSERTIONS = NO;
				ENABLE_STRICT_OBJC_MSGSEND = YES;
				GCC_C_LANGUAGE_STANDARD = gnu11;
				GCC_NO_COMMON_BLOCKS = YES;
				GCC_WARN_64_TO_32_BIT_CONVERSION = YES;
				GCC_WARN_ABOUT_RETURN_TYPE = YES_ERROR;
				GCC_WARN_UNDECLARED_SELECTOR = YES;
				GCC_WARN_UNINITIALIZED_AUTOS = YES_AGGRESSIVE;
				GCC_WARN_UNUSED_FUNCTION = YES;
				GCC_WARN_UNUSED_VARIABLE = YES;
				IPHONEOS_DEPLOYMENT_TARGET = 14.4;
				MTL_ENABLE_DEBUG_INFO = NO;
				MTL_FAST_MATH = YES;
				SDKROOT = iphoneos;
				SWIFT_COMPILATION_MODE = wholemodule;
				SWIFT_OPTIMIZATION_LEVEL = "-O";
				VALIDATE_PRODUCT = YES;
			};
			name = Release;
		};
		63DC207A26308519007FCBEF /* Debug */ = {
			isa = XCBuildConfiguration;
			buildSettings = {
				ASSETCATALOG_COMPILER_APPICON_NAME = AppIcon;
				ASSETCATALOG_COMPILER_GLOBAL_ACCENT_COLOR_NAME = AccentColor;
				CODE_SIGN_STYLE = Automatic;
				DEVELOPMENT_TEAM = DAVWR3TSS3;
				INFOPLIST_FILE = HRKConverter/Info.plist;
				LD_RUNPATH_SEARCH_PATHS = (
					"$(inherited)",
					"@executable_path/Frameworks",
				);
				PRODUCT_BUNDLE_IDENTIFIER = "David-Klaric.HRKConverter";
				PRODUCT_NAME = "$(TARGET_NAME)";
				SWIFT_VERSION = 5.0;
				TARGETED_DEVICE_FAMILY = "1,2";
			};
			name = Debug;
		};
		63DC207B26308519007FCBEF /* Release */ = {
			isa = XCBuildConfiguration;
			buildSettings = {
				ASSETCATALOG_COMPILER_APPICON_NAME = AppIcon;
				ASSETCATALOG_COMPILER_GLOBAL_ACCENT_COLOR_NAME = AccentColor;
				CODE_SIGN_STYLE = Automatic;
				DEVELOPMENT_TEAM = DAVWR3TSS3;
				INFOPLIST_FILE = HRKConverter/Info.plist;
				LD_RUNPATH_SEARCH_PATHS = (
					"$(inherited)",
					"@executable_path/Frameworks",
				);
				PRODUCT_BUNDLE_IDENTIFIER = "David-Klaric.HRKConverter";
				PRODUCT_NAME = "$(TARGET_NAME)";
				SWIFT_VERSION = 5.0;
				TARGETED_DEVICE_FAMILY = "1,2";
			};
			name = Release;
		};
/* End XCBuildConfiguration section */

/* Begin XCConfigurationList section */
		63DC206026308518007FCBEF /* Build configuration list for PBXProject "HRKConverter" */ = {
			isa = XCConfigurationList;
			buildConfigurations = (
				63DC207726308519007FCBEF /* Debug */,
				63DC207826308519007FCBEF /* Release */,
			);
			defaultConfigurationIsVisible = 0;
			defaultConfigurationName = Release;
		};
		63DC207926308519007FCBEF /* Build configuration list for PBXNativeTarget "HRKConverter" */ = {
			isa = XCConfigurationList;
			buildConfigurations = (
				63DC207A26308519007FCBEF /* Debug */,
				63DC207B26308519007FCBEF /* Release */,
			);
			defaultConfigurationIsVisible = 0;
			defaultConfigurationName = Release;
		};
/* End XCConfigurationList section */
	};
	rootObject = 63DC205D26308518007FCBEF /* Project object */;
}
